// !$*UTF8*$!
{
	archiveVersion = 1;
	classes = {
	};
	objectVersion = 46;
	objects = {

/* Begin PBXBuildFile section */
		FF15E1541A7BC81E00CC633F /* PinTuViewCell.m in Sources */ = {isa = PBXBuildFile; fileRef = FF15E1531A7BC81E00CC633F /* PinTuViewCell.m */; };
		FF15E1571A7BC83C00CC633F /* PinTuBoardView.m in Sources */ = {isa = PBXBuildFile; fileRef = FF15E1561A7BC83C00CC633F /* PinTuBoardView.m */; };
		FF15E1591A7BCFA600CC633F /* defaultPic.png in Resources */ = {isa = PBXBuildFile; fileRef = FF15E1581A7BCFA600CC633F /* defaultPic.png */; };
		FF21C57E1A7BBC80002BA0FA /* main.m in Sources */ = {isa = PBXBuildFile; fileRef = FF21C57D1A7BBC80002BA0FA /* main.m */; };
		FF21C5811A7BBC80002BA0FA /* AppDelegate.m in Sources */ = {isa = PBXBuildFile; fileRef = FF21C5801A7BBC80002BA0FA /* AppDelegate.m */; };
		FF21C5891A7BBC80002BA0FA /* Images.xcassets in Resources */ = {isa = PBXBuildFile; fileRef = FF21C5881A7BBC80002BA0FA /* Images.xcassets */; };
		FF21C58C1A7BBC80002BA0FA /* LaunchScreen.xib in Resources */ = {isa = PBXBuildFile; fileRef = FF21C58A1A7BBC80002BA0FA /* LaunchScreen.xib */; };
		FF21C5981A7BBC80002BA0FA /* PinTuBoardTests.m in Sources */ = {isa = PBXBuildFile; fileRef = FF21C5971A7BBC80002BA0FA /* PinTuBoardTests.m */; };
		FF21C5A41A7BC2D9002BA0FA /* PinTuBoardViewController.m in Sources */ = {isa = PBXBuildFile; fileRef = FF21C5A31A7BC2D9002BA0FA /* PinTuBoardViewController.m */; };
/* End PBXBuildFile section */

/* Begin PBXContainerItemProxy section */
		FF21C5921A7BBC80002BA0FA /* PBXContainerItemProxy */ = {
			isa = PBXContainerItemProxy;
			containerPortal = FF21C5701A7BBC80002BA0FA /* Project object */;
			proxyType = 1;
			remoteGlobalIDString = FF21C5771A7BBC80002BA0FA;
			remoteInfo = PinTuBoard;
		};
/* End PBXContainerItemProxy section */

/* Begin PBXFileReference section */
		FF15E1521A7BC81E00CC633F /* PinTuViewCell.h */ = {isa = PBXFileReference; fileEncoding = 4; lastKnownFileType = sourcecode.c.h; name = PinTuViewCell.h; path = Views/PinTuViewCell.h; sourceTree = "<group>"; };
		FF15E1531A7BC81E00CC633F /* PinTuViewCell.m */ = {isa = PBXFileReference; fileEncoding = 4; lastKnownFileType = sourcecode.c.objc; name = PinTuViewCell.m; path = Views/PinTuViewCell.m; sourceTree = "<group>"; };
		FF15E1551A7BC83C00CC633F /* PinTuBoardView.h */ = {isa = PBXFileReference; fileEncoding = 4; lastKnownFileType = sourcecode.c.h; path = PinTuBoardView.h; sourceTree = "<group>"; };
		FF15E1561A7BC83C00CC633F /* PinTuBoardView.m */ = {isa = PBXFileReference; fileEncoding = 4; lastKnownFileType = sourcecode.c.objc; path = PinTuBoardView.m; sourceTree = "<group>"; };
		FF15E1581A7BCFA600CC633F /* defaultPic.png */ = {isa = PBXFileReference; lastKnownFileType = image.png; path = defaultPic.png; sourceTree = "<group>"; };
		FF21C5781A7BBC80002BA0FA /* PinTuBoard.app */ = {isa = PBXFileReference; explicitFileType = wrapper.application; includeInIndex = 0; path = PinTuBoard.app; sourceTree = BUILT_PRODUCTS_DIR; };
		FF21C57C1A7BBC80002BA0FA /* Info.plist */ = {isa = PBXFileReference; lastKnownFileType = text.plist.xml; path = Info.plist; sourceTree = "<group>"; };
		FF21C57D1A7BBC80002BA0FA /* main.m */ = {isa = PBXFileReference; lastKnownFileType = sourcecode.c.objc; path = main.m; sourceTree = "<group>"; };
		FF21C57F1A7BBC80002BA0FA /* AppDelegate.h */ = {isa = PBXFileReference; lastKnownFileType = sourcecode.c.h; path = AppDelegate.h; sourceTree = "<group>"; };
		FF21C5801A7BBC80002BA0FA /* AppDelegate.m */ = {isa = PBXFileReference; lastKnownFileType = sourcecode.c.objc; path = AppDelegate.m; sourceTree = "<group>"; };
		FF21C5881A7BBC80002BA0FA /* Images.xcassets */ = {isa = PBXFileReference; lastKnownFileType = folder.assetcatalog; path = Images.xcassets; sourceTree = "<group>"; };
		FF21C58B1A7BBC80002BA0FA /* Base */ = {isa = PBXFileReference; lastKnownFileType = file.xib; name = Base; path = Base.lproj/LaunchScreen.xib; sourceTree = "<group>"; };
		FF21C5911A7BBC80002BA0FA /* PinTuBoardTests.xctest */ = {isa = PBXFileReference; explicitFileType = wrapper.cfbundle; includeInIndex = 0; path = PinTuBoardTests.xctest; sourceTree = BUILT_PRODUCTS_DIR; };
		FF21C5961A7BBC80002BA0FA /* Info.plist */ = {isa = PBXFileReference; lastKnownFileType = text.plist.xml; path = Info.plist; sourceTree = "<group>"; };
		FF21C5971A7BBC80002BA0FA /* PinTuBoardTests.m */ = {isa = PBXFileReference; lastKnownFileType = sourcecode.c.objc; path = PinTuBoardTests.m; sourceTree = "<group>"; };
		FF21C5A21A7BC2D9002BA0FA /* PinTuBoardViewController.h */ = {isa = PBXFileReference; fileEncoding = 4; lastKnownFileType = sourcecode.c.h; name = PinTuBoardViewController.h; path = Controllers/PinTuBoardViewController.h; sourceTree = "<group>"; };
		FF21C5A31A7BC2D9002BA0FA /* PinTuBoardViewController.m */ = {isa = PBXFileReference; fileEncoding = 4; lastKnownFileType = sourcecode.c.objc; name = PinTuBoardViewController.m; path = Controllers/PinTuBoardViewController.m; sourceTree = "<group>"; };
/* End PBXFileReference section */

/* Begin PBXFrameworksBuildPhase section */
		FF21C5751A7BBC80002BA0FA /* Frameworks */ = {
			isa = PBXFrameworksBuildPhase;
			buildActionMask = 2147483647;
			files = (
			);
			runOnlyForDeploymentPostprocessing = 0;
		};
		FF21C58E1A7BBC80002BA0FA /* Frameworks */ = {
			isa = PBXFrameworksBuildPhase;
			buildActionMask = 2147483647;
			files = (
			);
			runOnlyForDeploymentPostprocessing = 0;
		};
/* End PBXFrameworksBuildPhase section */

/* Begin PBXGroup section */
		FF15E1511A7BC7DE00CC633F /* Views */ = {
			isa = PBXGroup;
			children = (
				FF15E1521A7BC81E00CC633F /* PinTuViewCell.h */,
				FF15E1531A7BC81E00CC633F /* PinTuViewCell.m */,
				FF15E1551A7BC83C00CC633F /* PinTuBoardView.h */,
				FF15E1561A7BC83C00CC633F /* PinTuBoardView.m */,
			);
			name = Views;
			sourceTree = "<group>";
		};
		FF21C56F1A7BBC80002BA0FA = {
			isa = PBXGroup;
			children = (
				FF21C57A1A7BBC80002BA0FA /* PinTuBoard */,
				FF21C5941A7BBC80002BA0FA /* PinTuBoardTests */,
				FF21C5791A7BBC80002BA0FA /* Products */,
			);
			sourceTree = "<group>";
		};
		FF21C5791A7BBC80002BA0FA /* Products */ = {
			isa = PBXGroup;
			children = (
				FF21C5781A7BBC80002BA0FA /* PinTuBoard.app */,
				FF21C5911A7BBC80002BA0FA /* PinTuBoardTests.xctest */,
			);
			name = Products;
			sourceTree = "<group>";
		};
		FF21C57A1A7BBC80002BA0FA /* PinTuBoard */ = {
			isa = PBXGroup;
			children = (
				FF15E1581A7BCFA600CC633F /* defaultPic.png */,
				FF15E1511A7BC7DE00CC633F /* Views */,
				FF21C5A11A7BC277002BA0FA /* Controllers */,
				FF21C57F1A7BBC80002BA0FA /* AppDelegate.h */,
				FF21C5801A7BBC80002BA0FA /* AppDelegate.m */,
				FF21C5881A7BBC80002BA0FA /* Images.xcassets */,
				FF21C58A1A7BBC80002BA0FA /* LaunchScreen.xib */,
				FF21C57B1A7BBC80002BA0FA /* Supporting Files */,
			);
			path = PinTuBoard;
			sourceTree = "<group>";
		};
		FF21C57B1A7BBC80002BA0FA /* Supporting Files */ = {
			isa = PBXGroup;
			children = (
				FF21C57C1A7BBC80002BA0FA /* Info.plist */,
				FF21C57D1A7BBC80002BA0FA /* main.m */,
			);
			name = "Supporting Files";
			sourceTree = "<group>";
		};
		FF21C5941A7BBC80002BA0FA /* PinTuBoardTests */ = {
			isa = PBXGroup;
			children = (
				FF21C5971A7BBC80002BA0FA /* PinTuBoardTests.m */,
				FF21C5951A7BBC80002BA0FA /* Supporting Files */,
			);
			path = PinTuBoardTests;
			sourceTree = "<group>";
		};
		FF21C5951A7BBC80002BA0FA /* Supporting Files */ = {
			isa = PBXGroup;
			children = (
				FF21C5961A7BBC80002BA0FA /* Info.plist */,
			);
			name = "Supporting Files";
			sourceTree = "<group>";
		};
		FF21C5A11A7BC277002BA0FA /* Controllers */ = {
			isa = PBXGroup;
			children = (
				FF21C5A21A7BC2D9002BA0FA /* PinTuBoardViewController.h */,
				FF21C5A31A7BC2D9002BA0FA /* PinTuBoardViewController.m */,
			);
			name = Controllers;
			sourceTree = "<group>";
		};
/* End PBXGroup section */

/* Begin PBXNativeTarget section */
		FF21C5771A7BBC80002BA0FA /* PinTuBoard */ = {
			isa = PBXNativeTarget;
			buildConfigurationList = FF21C59B1A7BBC80002BA0FA /* Build configuration list for PBXNativeTarget "PinTuBoard" */;
			buildPhases = (
				FF21C5741A7BBC80002BA0FA /* Sources */,
				FF21C5751A7BBC80002BA0FA /* Frameworks */,
				FF21C5761A7BBC80002BA0FA /* Resources */,
			);
			buildRules = (
			);
			dependencies = (
			);
			name = PinTuBoard;
			productName = PinTuBoard;
			productReference = FF21C5781A7BBC80002BA0FA /* PinTuBoard.app */;
			productType = "com.apple.product-type.application";
		};
		FF21C5901A7BBC80002BA0FA /* PinTuBoardTests */ = {
			isa = PBXNativeTarget;
			buildConfigurationList = FF21C59E1A7BBC80002BA0FA /* Build configuration list for PBXNativeTarget "PinTuBoardTests" */;
			buildPhases = (
				FF21C58D1A7BBC80002BA0FA /* Sources */,
				FF21C58E1A7BBC80002BA0FA /* Frameworks */,
				FF21C58F1A7BBC80002BA0FA /* Resources */,
			);
			buildRules = (
			);
			dependencies = (
				FF21C5931A7BBC80002BA0FA /* PBXTargetDependency */,
			);
			name = PinTuBoardTests;
			productName = PinTuBoardTests;
			productReference = FF21C5911A7BBC80002BA0FA /* PinTuBoardTests.xctest */;
			productType = "com.apple.product-type.bundle.unit-test";
		};
/* End PBXNativeTarget section */

/* Begin PBXProject section */
		FF21C5701A7BBC80002BA0FA /* Project object */ = {
			isa = PBXProject;
			attributes = {
				LastUpgradeCheck = 0610;
				ORGANIZATIONNAME = Walle;
				TargetAttributes = {
					FF21C5771A7BBC80002BA0FA = {
						CreatedOnToolsVersion = 6.1.1;
					};
					FF21C5901A7BBC80002BA0FA = {
						CreatedOnToolsVersion = 6.1.1;
						TestTargetID = FF21C5771A7BBC80002BA0FA;
					};
				};
			};
			buildConfigurationList = FF21C5731A7BBC80002BA0FA /* Build configuration list for PBXProject "PinTuBoard" */;
			compatibilityVersion = "Xcode 3.2";
			developmentRegion = English;
			hasScannedForEncodings = 0;
			knownRegions = (
				en,
				Base,
			);
			mainGroup = FF21C56F1A7BBC80002BA0FA;
			productRefGroup = FF21C5791A7BBC80002BA0FA /* Products */;
			projectDirPath = "";
			projectRoot = "";
			targets = (
				FF21C5771A7BBC80002BA0FA /* PinTuBoard */,
				FF21C5901A7BBC80002BA0FA /* PinTuBoardTests */,
			);
		};
/* End PBXProject section */

/* Begin PBXResourcesBuildPhase section */
		FF21C5761A7BBC80002BA0FA /* Resources */ = {
			isa = PBXResourcesBuildPhase;
			buildActionMask = 2147483647;
			files = (
				FF15E1591A7BCFA600CC633F /* defaultPic.png in Resources */,
				FF21C58C1A7BBC80002BA0FA /* LaunchScreen.xib in Resources */,
				FF21C5891A7BBC80002BA0FA /* Images.xcassets in Resources */,
			);
			runOnlyForDeploymentPostprocessing = 0;
		};
		FF21C58F1A7BBC80002BA0FA /* Resources */ = {
			isa = PBXResourcesBuildPhase;
			buildActionMask = 2147483647;
			files = (
			);
			runOnlyForDeploymentPostprocessing = 0;
		};
/* End PBXResourcesBuildPhase section */

/* Begin PBXSourcesBuildPhase section */
		FF21C5741A7BBC80002BA0FA /* Sources */ = {
			isa = PBXSourcesBuildPhase;
			buildActionMask = 2147483647;
			files = (
				FF15E1571A7BC83C00CC633F /* PinTuBoardView.m in Sources */,
				FF21C5811A7BBC80002BA0FA /* AppDelegate.m in Sources */,
				FF15E1541A7BC81E00CC633F /* PinTuViewCell.m in Sources */,
				FF21C5A41A7BC2D9002BA0FA /* PinTuBoardViewController.m in Sources */,
				FF21C57E1A7BBC80002BA0FA /* main.m in Sources */,
			);
			runOnlyForDeploymentPostprocessing = 0;
		};
		FF21C58D1A7BBC80002BA0FA /* Sources */ = {
			isa = PBXSourcesBuildPhase;
			buildActionMask = 2147483647;
			files = (
				FF21C5981A7BBC80002BA0FA /* PinTuBoardTests.m in Sources */,
			);
			runOnlyForDeploymentPostprocessing = 0;
		};
/* End PBXSourcesBuildPhase section */

/* Begin PBXTargetDependency section */
		FF21C5931A7BBC80002BA0FA /* PBXTargetDependency */ = {
			isa = PBXTargetDependency;
			target = FF21C5771A7BBC80002BA0FA /* PinTuBoard */;
			targetProxy = FF21C5921A7BBC80002BA0FA /* PBXContainerItemProxy */;
		};
/* End PBXTargetDependency section */

/* Begin PBXVariantGroup section */
		FF21C58A1A7BBC80002BA0FA /* LaunchScreen.xib */ = {
			isa = PBXVariantGroup;
			children = (
				FF21C58B1A7BBC80002BA0FA /* Base */,
			);
			name = LaunchScreen.xib;
			sourceTree = "<group>";
		};
/* End PBXVariantGroup section */

/* Begin XCBuildConfiguration section */
		FF21C5991A7BBC80002BA0FA /* Debug */ = {
			isa = XCBuildConfiguration;
			buildSettings = {
				ALWAYS_SEARCH_USER_PATHS = NO;
				CLANG_CXX_LANGUAGE_STANDARD = "gnu++0x";
				CLANG_CXX_LIBRARY = "libc++";
				CLANG_ENABLE_MODULES = YES;
				CLANG_ENABLE_OBJC_ARC = YES;
				CLANG_WARN_BOOL_CONVERSION = YES;
				CLANG_WARN_CONSTANT_CONVERSION = YES;
				CLANG_WARN_DIRECT_OBJC_ISA_USAGE = YES_ERROR;
				CLANG_WARN_EMPTY_BODY = YES;
				CLANG_WARN_ENUM_CONVERSION = YES;
				CLANG_WARN_INT_CONVERSION = YES;
				CLANG_WARN_OBJC_ROOT_CLASS = YES_ERROR;
				CLANG_WARN_UNREACHABLE_CODE = YES;
				CLANG_WARN__DUPLICATE_METHOD_MATCH = YES;
				"CODE_SIGN_IDENTITY[sdk=iphoneos*]" = "iPhone Developer";
				COPY_PHASE_STRIP = NO;
				ENABLE_STRICT_OBJC_MSGSEND = YES;
				GCC_C_LANGUAGE_STANDARD = gnu99;
				GCC_DYNAMIC_NO_PIC = NO;
				GCC_OPTIMIZATION_LEVEL = 0;
				GCC_PREPROCESSOR_DEFINITIONS = (
					"DEBUG=1",
					"$(inherited)",
				);
				GCC_SYMBOLS_PRIVATE_EXTERN = NO;
				GCC_WARN_64_TO_32_BIT_CONVERSION = YES;
				GCC_WARN_ABOUT_RETURN_TYPE = YES_ERROR;
				GCC_WARN_UNDECLARED_SELECTOR = YES;
				GCC_WARN_UNINITIALIZED_AUTOS = YES_AGGRESSIVE;
				GCC_WARN_UNUSED_FUNCTION = YES;
				GCC_WARN_UNUSED_VARIABLE = YES;
				IPHONEOS_DEPLOYMENT_TARGET = 7.1;
				MTL_ENABLE_DEBUG_INFO = YES;
				ONLY_ACTIVE_ARCH = YES;
				SDKROOT = iphoneos;
			};
			name = Debug;
		};
		FF21C59A1A7BBC80002BA0FA /* Release */ = {
			isa = XCBuildConfiguration;
			buildSettings = {
				ALWAYS_SEARCH_USER_PATHS = NO;
				CLANG_CXX_LANGUAGE_STANDARD = "gnu++0x";
				CLANG_CXX_LIBRARY = "libc++";
				CLANG_ENABLE_MODULES = YES;
				CLANG_ENABLE_OBJC_ARC = YES;
				CLANG_WARN_BOOL_CONVERSION = YES;
				CLANG_WARN_CONSTANT_CONVERSION = YES;
				CLANG_WARN_DIRECT_OBJC_ISA_USAGE = YES_ERROR;
				CLANG_WARN_EMPTY_BODY = YES;
				CLANG_WARN_ENUM_CONVERSION = YES;
				CLANG_WARN_INT_CONVERSION = YES;
				CLANG_WARN_OBJC_ROOT_CLASS = YES_ERROR;
				CLANG_WARN_UNREACHABLE_CODE = YES;
				CLANG_WARN__DUPLICATE_METHOD_MATCH = YES;
				"CODE_SIGN_IDENTITY[sdk=iphoneos*]" = "iPhone Developer";
				COPY_PHASE_STRIP = YES;
				ENABLE_NS_ASSERTIONS = NO;
				ENABLE_STRICT_OBJC_MSGSEND = YES;
				GCC_C_LANGUAGE_STANDARD = gnu99;
				GCC_WARN_64_TO_32_BIT_CONVERSION = YES;
				GCC_WARN_ABOUT_RETURN_TYPE = YES_ERROR;
				GCC_WARN_UNDECLARED_SELECTOR = YES;
				GCC_WARN_UNINITIALIZED_AUTOS = YES_AGGRESSIVE;
				GCC_WARN_UNUSED_FUNCTION = YES;
				GCC_WARN_UNUSED_VARIABLE = YES;
				IPHONEOS_DEPLOYMENT_TARGET = 7.1;
				MTL_ENABLE_DEBUG_INFO = NO;
				SDKROOT = iphoneos;
				VALIDATE_PRODUCT = YES;
			};
			name = Release;
		};
		FF21C59C1A7BBC80002BA0FA /* Debug */ = {
			isa = XCBuildConfiguration;
			buildSettings = {
				ASSETCATALOG_COMPILER_APPICON_NAME = AppIcon;
				INFOPLIST_FILE = PinTuBoard/Info.plist;
				IPHONEOS_DEPLOYMENT_TARGET = 7.1;
				LD_RUNPATH_SEARCH_PATHS = "$(inherited) @executable_path/Frameworks";
				PRODUCT_NAME = "$(TARGET_NAME)";
			};
			name = Debug;
		};
		FF21C59D1A7BBC80002BA0FA /* Release */ = {
			isa = XCBuildConfiguration;
			buildSettings = {
				ASSETCATALOG_COMPILER_APPICON_NAME = AppIcon;
				INFOPLIST_FILE = PinTuBoard/Info.plist;
				IPHONEOS_DEPLOYMENT_TARGET = 7.1;
				LD_RUNPATH_SEARCH_PATHS = "$(inherited) @executable_path/Frameworks";
				PRODUCT_NAME = "$(TARGET_NAME)";
			};
			name = Release;
		};
		FF21C59F1A7BBC80002BA0FA /* Debug */ = {
			isa = XCBuildConfiguration;
			buildSettings = {
				BUNDLE_LOADER = "$(TEST_HOST)";
				FRAMEWORK_SEARCH_PATHS = (
					"$(SDKROOT)/Developer/Library/Frameworks",
					"$(inherited)",
				);
				GCC_PREPROCESSOR_DEFINITIONS = (
					"DEBUG=1",
					"$(inherited)",
				);
				INFOPLIST_FILE = PinTuBoardTests/Info.plist;
				LD_RUNPATH_SEARCH_PATHS = "$(inherited) @executable_path/Frameworks @loader_path/Frameworks";
				PRODUCT_NAME = "$(TARGET_NAME)";
				TEST_HOST = "$(BUILT_PRODUCTS_DIR)/PinTuBoard.app/PinTuBoard";
			};
			name = Debug;
		};
		FF21C5A01A7BBC80002BA0FA /* Release */ = {
			isa = XCBuildConfiguration;
			buildSettings = {
				BUNDLE_LOADER = "$(TEST_HOST)";
				FRAMEWORK_SEARCH_PATHS = (
					"$(SDKROOT)/Developer/Library/Frameworks",
					"$(inherited)",
				);
				INFOPLIST_FILE = PinTuBoardTests/Info.plist;
				LD_RUNPATH_SEARCH_PATHS = "$(inherited) @executable_path/Frameworks @loader_path/Frameworks";
				PRODUCT_NAME = "$(TARGET_NAME)";
				TEST_HOST = "$(BUILT_PRODUCTS_DIR)/PinTuBoard.app/PinTuBoard";
			};
			name = Release;
		};
/* End XCBuildConfiguration section */

/* Begin XCConfigurationList section */
		FF21C5731A7BBC80002BA0FA /* Build configuration list for PBXProject "PinTuBoard" */ = {
			isa = XCConfigurationList;
			buildConfigurations = (
				FF21C5991A7BBC80002BA0FA /* Debug */,
				FF21C59A1A7BBC80002BA0FA /* Release */,
			);
			defaultConfigurationIsVisible = 0;
			defaultConfigurationName = Release;
		};
		FF21C59B1A7BBC80002BA0FA /* Build configuration list for PBXNativeTarget "PinTuBoard" */ = {
			isa = XCConfigurationList;
			buildConfigurations = (
				FF21C59C1A7BBC80002BA0FA /* Debug */,
				FF21C59D1A7BBC80002BA0FA /* Release */,
			);
			defaultConfigurationIsVisible = 0;
			defaultConfigurationName = Release;
		};
		FF21C59E1A7BBC80002BA0FA /* Build configuration list for PBXNativeTarget "PinTuBoardTests" */ = {
			isa = XCConfigurationList;
			buildConfigurations = (
				FF21C59F1A7BBC80002BA0FA /* Debug */,
				FF21C5A01A7BBC80002BA0FA /* Release */,
			);
			defaultConfigurationIsVisible = 0;
			defaultConfigurationName = Release;
		};
/* End XCConfigurationList section */
	};
	rootObject = FF21C5701A7BBC80002BA0FA /* Project object */;
}
